
Microsoft Visual Studio Solution File, Format Version 12.00
Project("{FAE04EC0-301F-11D3-BF4B-00C04F79EFBC}") = "culinarychest-api", "culinarychest-api\culinarychest-api.csproj", "{91B77942-A25C-4446-A5B0-1CA30FAAFEA8}"
EndProject
Project("{FAE04EC0-301F-11D3-BF4B-00C04F79EFBC}") = "Contracts", "Contracts\Contracts.csproj", "{51457166-B948-4273-B5D4-CDB2FFD56B0D}"
EndProject
Project("{FAE04EC0-301F-11D3-BF4B-00C04F79EFBC}") = "LoggerService", "LoggerService\LoggerService.csproj", "{4713EF72-3A32-4138-AA93-7A12B17C6F54}"
EndProject
Global
	GlobalSection(SolutionConfigurationPlatforms) = preSolution
		Debug|Any CPU = Debug|Any CPU
		Release|Any CPU = Release|Any CPU
	EndGlobalSection
	GlobalSection(ProjectConfigurationPlatforms) = postSolution
		{91B77942-A25C-4446-A5B0-1CA30FAAFEA8}.Debug|Any CPU.ActiveCfg = Debug|Any CPU
		{91B77942-A25C-4446-A5B0-1CA30FAAFEA8}.Debug|Any CPU.Build.0 = Debug|Any CPU
		{91B77942-A25C-4446-A5B0-1CA30FAAFEA8}.Release|Any CPU.ActiveCfg = Release|Any CPU
		{91B77942-A25C-4446-A5B0-1CA30FAAFEA8}.Release|Any CPU.Build.0 = Release|Any CPU
		{51457166-B948-4273-B5D4-CDB2FFD56B0D}.Debug|Any CPU.ActiveCfg = Debug|Any CPU
		{51457166-B948-4273-B5D4-CDB2FFD56B0D}.Debug|Any CPU.Build.0 = Debug|Any CPU
		{51457166-B948-4273-B5D4-CDB2FFD56B0D}.Release|Any CPU.ActiveCfg = Release|Any CPU
		{51457166-B948-4273-B5D4-CDB2FFD56B0D}.Release|Any CPU.Build.0 = Release|Any CPU
		{4713EF72-3A32-4138-AA93-7A12B17C6F54}.Debug|Any CPU.ActiveCfg = Debug|Any CPU
		{4713EF72-3A32-4138-AA93-7A12B17C6F54}.Debug|Any CPU.Build.0 = Debug|Any CPU
		{4713EF72-3A32-4138-AA93-7A12B17C6F54}.Release|Any CPU.ActiveCfg = Release|Any CPU
		{4713EF72-3A32-4138-AA93-7A12B17C6F54}.Release|Any CPU.Build.0 = Release|Any CPU
	EndGlobalSection
EndGlobal
